
Microsoft Visual Studio Solution File, Format Version 12.00
# Visual Studio 15
Project("{FAE04EC0-301F-11D3-BF4B-00C04F79EFBC}") = "Assembly-CSharp", "Assembly-CSharp.csproj", "{E1272775-F9C3-6D72-2937-68DDFF30025B}"
EndProject
Project("{FAE04EC0-301F-11D3-BF4B-00C04F79EFBC}") = "Assembly-CSharp-Editor", "Assembly-CSharp-Editor.csproj", "{524E6EFC-2AB3-BCA4-69EC-43CFE2977C34}"
EndProject
Global
	GlobalSection(SolutionConfigurationPlatforms) = preSolution
		Debug|Any CPU = Debug|Any CPU
		Release|Any CPU = Release|Any CPU
	EndGlobalSection
	GlobalSection(ProjectConfigurationPlatforms) = postSolution
		{E1272775-F9C3-6D72-2937-68DDFF30025B}.Debug|Any CPU.ActiveCfg = Debug|Any CPU
		{E1272775-F9C3-6D72-2937-68DDFF30025B}.Debug|Any CPU.Build.0 = Debug|Any CPU
		{E1272775-F9C3-6D72-2937-68DDFF30025B}.Release|Any CPU.ActiveCfg = Release|Any CPU
		{E1272775-F9C3-6D72-2937-68DDFF30025B}.Release|Any CPU.Build.0 = Release|Any CPU
		{524E6EFC-2AB3-BCA4-69EC-43CFE2977C34}.Debug|Any CPU.ActiveCfg = Debug|Any CPU
		{524E6EFC-2AB3-BCA4-69EC-43CFE2977C34}.Debug|Any CPU.Build.0 = Debug|Any CPU
		{524E6EFC-2AB3-BCA4-69EC-43CFE2977C34}.Release|Any CPU.ActiveCfg = Release|Any CPU
		{524E6EFC-2AB3-BCA4-69EC-43CFE2977C34}.Release|Any CPU.Build.0 = Release|Any CPU
	EndGlobalSection
	GlobalSection(SolutionProperties) = preSolution
		HideSolutionNode = FALSE
	EndGlobalSection
EndGlobal
